{
  "object": {
    "pins": [
      {
        "package": "UInt256",
        "repositoryURL": "https://github.com/crmitchelmore/UInt256.git",
        "state": {
          "branch": null,
          "revision": "f1bc266cc3049298555293e1e9a14ed5d6e0b6bb",
          "version": "1.0.2"
        }
      }
    ]
  },
  "version": 1
}
