// !$*UTF8*$!
{
	archiveVersion = 1;
	classes = {
	};
	objectVersion = 46;
	objects = {

/* Begin PBXAggregateTarget section */
		"ECurve::ECurvePackageTests::ProductTarget" /* ECurvePackageTests */ = {
			isa = PBXAggregateTarget;
			buildConfigurationList = OBJ_119 /* Build configuration list for PBXAggregateTarget "ECurvePackageTests" */;
			buildPhases = (
			);
			dependencies = (
				OBJ_122 /* PBXTargetDependency */,
			);
			name = ECurvePackageTests;
			productName = ECurvePackageTests;
		};
/* End PBXAggregateTarget section */

/* Begin PBXBuildFile section */
		OBJ_100 /* UInt256+ForwardIndex.swift in Sources */ = {isa = PBXBuildFile; fileRef = OBJ_32 /* UInt256+ForwardIndex.swift */; };
		OBJ_101 /* UInt256+Hashable.swift in Sources */ = {isa = PBXBuildFile; fileRef = OBJ_33 /* UInt256+Hashable.swift */; };
		OBJ_102 /* UInt256+IntegerArithmetic.swift in Sources */ = {isa = PBXBuildFile; fileRef = OBJ_34 /* UInt256+IntegerArithmetic.swift */; };
		OBJ_103 /* UInt256+IntegerLiteralConvertible.swift in Sources */ = {isa = PBXBuildFile; fileRef = OBJ_35 /* UInt256+IntegerLiteralConvertible.swift */; };
		OBJ_104 /* UInt256+Printable.swift in Sources */ = {isa = PBXBuildFile; fileRef = OBJ_36 /* UInt256+Printable.swift */; };
		OBJ_105 /* UInt256+RandomAccessIndex.swift in Sources */ = {isa = PBXBuildFile; fileRef = OBJ_37 /* UInt256+RandomAccessIndex.swift */; };
		OBJ_106 /* UInt256+Sequence.swift in Sources */ = {isa = PBXBuildFile; fileRef = OBJ_38 /* UInt256+Sequence.swift */; };
		OBJ_107 /* UInt256.swift in Sources */ = {isa = PBXBuildFile; fileRef = OBJ_39 /* UInt256.swift */; };
		OBJ_108 /* UInt32+Additions.swift in Sources */ = {isa = PBXBuildFile; fileRef = OBJ_40 /* UInt32+Additions.swift */; };
		OBJ_110 /* CUInt256.framework in Frameworks */ = {isa = PBXBuildFile; fileRef = "UInt256::CUInt256::Product" /* CUInt256.framework */; };
		OBJ_116 /* UInt256+IntegerArithmetic.c in Sources */ = {isa = PBXBuildFile; fileRef = OBJ_23 /* UInt256+IntegerArithmetic.c */; };
		OBJ_52 /* Package.swift in Sources */ = {isa = PBXBuildFile; fileRef = OBJ_6 /* Package.swift */; };
		OBJ_58 /* Package.swift in Sources */ = {isa = PBXBuildFile; fileRef = OBJ_41 /* Package.swift */; };
		OBJ_64 /* ECPointTests.swift in Sources */ = {isa = PBXBuildFile; fileRef = OBJ_17 /* ECPointTests.swift */; };
		OBJ_65 /* ECurveTests.swift in Sources */ = {isa = PBXBuildFile; fileRef = OBJ_18 /* ECurveTests.swift */; };
		OBJ_66 /* FiniteFieldIntegerTests.swift in Sources */ = {isa = PBXBuildFile; fileRef = OBJ_19 /* FiniteFieldIntegerTests.swift */; };
		OBJ_68 /* ECurve.framework in Frameworks */ = {isa = PBXBuildFile; fileRef = "ECurve::ECurve::Product" /* ECurve.framework */; };
		OBJ_69 /* UInt256.framework in Frameworks */ = {isa = PBXBuildFile; fileRef = "UInt256::UInt256::Product" /* UInt256.framework */; };
		OBJ_70 /* CUInt256.framework in Frameworks */ = {isa = PBXBuildFile; fileRef = "UInt256::CUInt256::Product" /* CUInt256.framework */; };
		OBJ_81 /* ECDomain.swift in Sources */ = {isa = PBXBuildFile; fileRef = OBJ_9 /* ECDomain.swift */; };
		OBJ_82 /* ECPoint.swift in Sources */ = {isa = PBXBuildFile; fileRef = OBJ_10 /* ECPoint.swift */; };
		OBJ_83 /* ECurve.swift in Sources */ = {isa = PBXBuildFile; fileRef = OBJ_11 /* ECurve.swift */; };
		OBJ_84 /* FiniteField.swift in Sources */ = {isa = PBXBuildFile; fileRef = OBJ_12 /* FiniteField.swift */; };
		OBJ_85 /* FiniteFieldInteger.swift in Sources */ = {isa = PBXBuildFile; fileRef = OBJ_13 /* FiniteFieldInteger.swift */; };
		OBJ_86 /* Secp256k1BasePointDoublings.swift in Sources */ = {isa = PBXBuildFile; fileRef = OBJ_14 /* Secp256k1BasePointDoublings.swift */; };
		OBJ_88 /* UInt256.framework in Frameworks */ = {isa = PBXBuildFile; fileRef = "UInt256::UInt256::Product" /* UInt256.framework */; };
		OBJ_89 /* CUInt256.framework in Frameworks */ = {isa = PBXBuildFile; fileRef = "UInt256::CUInt256::Product" /* CUInt256.framework */; };
		OBJ_96 /* BaseConverter.swift in Sources */ = {isa = PBXBuildFile; fileRef = OBJ_28 /* BaseConverter.swift */; };
		OBJ_97 /* UInt256+BitwiseOperations.swift in Sources */ = {isa = PBXBuildFile; fileRef = OBJ_29 /* UInt256+BitwiseOperations.swift */; };
		OBJ_98 /* UInt256+Comparable.swift in Sources */ = {isa = PBXBuildFile; fileRef = OBJ_30 /* UInt256+Comparable.swift */; };
		OBJ_99 /* UInt256+Equatable.swift in Sources */ = {isa = PBXBuildFile; fileRef = OBJ_31 /* UInt256+Equatable.swift */; };
/* End PBXBuildFile section */

/* Begin PBXContainerItemProxy section */
		832BE5741F45BFF6001591C8 /* PBXContainerItemProxy */ = {
			isa = PBXContainerItemProxy;
			containerPortal = OBJ_1 /* Project object */;
			proxyType = 1;
			remoteGlobalIDString = "UInt256::UInt256";
			remoteInfo = UInt256;
		};
		832BE5751F45BFF6001591C8 /* PBXContainerItemProxy */ = {
			isa = PBXContainerItemProxy;
			containerPortal = OBJ_1 /* Project object */;
			proxyType = 1;
			remoteGlobalIDString = "UInt256::CUInt256";
			remoteInfo = CUInt256;
		};
		832BE5761F45BFF6001591C8 /* PBXContainerItemProxy */ = {
			isa = PBXContainerItemProxy;
			containerPortal = OBJ_1 /* Project object */;
			proxyType = 1;
			remoteGlobalIDString = "UInt256::CUInt256";
			remoteInfo = CUInt256;
		};
		832BE5771F45BFF6001591C8 /* PBXContainerItemProxy */ = {
			isa = PBXContainerItemProxy;
			containerPortal = OBJ_1 /* Project object */;
			proxyType = 1;
			remoteGlobalIDString = "ECurve::ECurve";
			remoteInfo = ECurve;
		};
		832BE5781F45BFF6001591C8 /* PBXContainerItemProxy */ = {
			isa = PBXContainerItemProxy;
			containerPortal = OBJ_1 /* Project object */;
			proxyType = 1;
			remoteGlobalIDString = "UInt256::UInt256";
			remoteInfo = UInt256;
		};
		832BE5791F45BFF6001591C8 /* PBXContainerItemProxy */ = {
			isa = PBXContainerItemProxy;
			containerPortal = OBJ_1 /* Project object */;
			proxyType = 1;
			remoteGlobalIDString = "UInt256::CUInt256";
			remoteInfo = CUInt256;
		};
		832BE57A1F45BFF7001591C8 /* PBXContainerItemProxy */ = {
			isa = PBXContainerItemProxy;
			containerPortal = OBJ_1 /* Project object */;
			proxyType = 1;
			remoteGlobalIDString = "ECurve::ECurveTests";
			remoteInfo = ECurveTests;
		};
/* End PBXContainerItemProxy section */

/* Begin PBXFileReference section */
		"ECurve::ECurve::Product" /* ECurve.framework */ = {isa = PBXFileReference; explicitFileType = wrapper.framework; path = ECurve.framework; sourceTree = BUILT_PRODUCTS_DIR; };
		"ECurve::ECurveTests::Product" /* ECurveTests.xctest */ = {isa = PBXFileReference; lastKnownFileType = file; path = ECurveTests.xctest; sourceTree = BUILT_PRODUCTS_DIR; };
		OBJ_10 /* ECPoint.swift */ = {isa = PBXFileReference; lastKnownFileType = sourcecode.swift; path = ECPoint.swift; sourceTree = "<group>"; };
		OBJ_11 /* ECurve.swift */ = {isa = PBXFileReference; lastKnownFileType = sourcecode.swift; path = ECurve.swift; sourceTree = "<group>"; };
		OBJ_12 /* FiniteField.swift */ = {isa = PBXFileReference; lastKnownFileType = sourcecode.swift; path = FiniteField.swift; sourceTree = "<group>"; };
		OBJ_13 /* FiniteFieldInteger.swift */ = {isa = PBXFileReference; lastKnownFileType = sourcecode.swift; path = FiniteFieldInteger.swift; sourceTree = "<group>"; };
		OBJ_14 /* Secp256k1BasePointDoublings.swift */ = {isa = PBXFileReference; lastKnownFileType = sourcecode.swift; path = Secp256k1BasePointDoublings.swift; sourceTree = "<group>"; };
		OBJ_17 /* ECPointTests.swift */ = {isa = PBXFileReference; lastKnownFileType = sourcecode.swift; path = ECPointTests.swift; sourceTree = "<group>"; };
		OBJ_18 /* ECurveTests.swift */ = {isa = PBXFileReference; lastKnownFileType = sourcecode.swift; path = ECurveTests.swift; sourceTree = "<group>"; };
		OBJ_19 /* FiniteFieldIntegerTests.swift */ = {isa = PBXFileReference; lastKnownFileType = sourcecode.swift; path = FiniteFieldIntegerTests.swift; sourceTree = "<group>"; };
		OBJ_23 /* UInt256+IntegerArithmetic.c */ = {isa = PBXFileReference; lastKnownFileType = sourcecode.c.c; path = "UInt256+IntegerArithmetic.c"; sourceTree = "<group>"; };
		OBJ_25 /* UInt256+IntegerArithmetic.h */ = {isa = PBXFileReference; lastKnownFileType = sourcecode.c.h; path = "UInt256+IntegerArithmetic.h"; sourceTree = "<group>"; };
		OBJ_26 /* module.modulemap */ = {isa = PBXFileReference; lastKnownFileType = "sourcecode.module-map"; name = module.modulemap; path = /Users/cm/work/ECurve/ECurve.xcodeproj/GeneratedModuleMap/CUInt256/module.modulemap; sourceTree = "<group>"; };
		OBJ_28 /* BaseConverter.swift */ = {isa = PBXFileReference; lastKnownFileType = sourcecode.swift; path = BaseConverter.swift; sourceTree = "<group>"; };
		OBJ_29 /* UInt256+BitwiseOperations.swift */ = {isa = PBXFileReference; lastKnownFileType = sourcecode.swift; path = "UInt256+BitwiseOperations.swift"; sourceTree = "<group>"; };
		OBJ_30 /* UInt256+Comparable.swift */ = {isa = PBXFileReference; lastKnownFileType = sourcecode.swift; path = "UInt256+Comparable.swift"; sourceTree = "<group>"; };
		OBJ_31 /* UInt256+Equatable.swift */ = {isa = PBXFileReference; lastKnownFileType = sourcecode.swift; path = "UInt256+Equatable.swift"; sourceTree = "<group>"; };
		OBJ_32 /* UInt256+ForwardIndex.swift */ = {isa = PBXFileReference; lastKnownFileType = sourcecode.swift; path = "UInt256+ForwardIndex.swift"; sourceTree = "<group>"; };
		OBJ_33 /* UInt256+Hashable.swift */ = {isa = PBXFileReference; lastKnownFileType = sourcecode.swift; path = "UInt256+Hashable.swift"; sourceTree = "<group>"; };
		OBJ_34 /* UInt256+IntegerArithmetic.swift */ = {isa = PBXFileReference; lastKnownFileType = sourcecode.swift; path = "UInt256+IntegerArithmetic.swift"; sourceTree = "<group>"; };
		OBJ_35 /* UInt256+IntegerLiteralConvertible.swift */ = {isa = PBXFileReference; lastKnownFileType = sourcecode.swift; path = "UInt256+IntegerLiteralConvertible.swift"; sourceTree = "<group>"; };
		OBJ_36 /* UInt256+Printable.swift */ = {isa = PBXFileReference; lastKnownFileType = sourcecode.swift; path = "UInt256+Printable.swift"; sourceTree = "<group>"; };
		OBJ_37 /* UInt256+RandomAccessIndex.swift */ = {isa = PBXFileReference; lastKnownFileType = sourcecode.swift; path = "UInt256+RandomAccessIndex.swift"; sourceTree = "<group>"; };
		OBJ_38 /* UInt256+Sequence.swift */ = {isa = PBXFileReference; lastKnownFileType = sourcecode.swift; path = "UInt256+Sequence.swift"; sourceTree = "<group>"; };
		OBJ_39 /* UInt256.swift */ = {isa = PBXFileReference; lastKnownFileType = sourcecode.swift; path = UInt256.swift; sourceTree = "<group>"; };
		OBJ_40 /* UInt32+Additions.swift */ = {isa = PBXFileReference; lastKnownFileType = sourcecode.swift; path = "UInt32+Additions.swift"; sourceTree = "<group>"; };
		OBJ_41 /* Package.swift */ = {isa = PBXFileReference; explicitFileType = sourcecode.swift; name = Package.swift; path = "/Users/cm/work/ECurve/.build/checkouts/UInt256.git--5686592992454955421/Package.swift"; sourceTree = "<group>"; };
		OBJ_6 /* Package.swift */ = {isa = PBXFileReference; explicitFileType = sourcecode.swift; path = Package.swift; sourceTree = "<group>"; };
		OBJ_9 /* ECDomain.swift */ = {isa = PBXFileReference; lastKnownFileType = sourcecode.swift; path = ECDomain.swift; sourceTree = "<group>"; };
		"UInt256::CUInt256::Product" /* CUInt256.framework */ = {isa = PBXFileReference; explicitFileType = wrapper.framework; path = CUInt256.framework; sourceTree = BUILT_PRODUCTS_DIR; };
		"UInt256::UInt256::Product" /* UInt256.framework */ = {isa = PBXFileReference; explicitFileType = wrapper.framework; path = UInt256.framework; sourceTree = BUILT_PRODUCTS_DIR; };
/* End PBXFileReference section */

/* Begin PBXFrameworksBuildPhase section */
		OBJ_109 /* Frameworks */ = {
			isa = PBXFrameworksBuildPhase;
			buildActionMask = 0;
			files = (
				OBJ_110 /* CUInt256.framework in Frameworks */,
			);
			runOnlyForDeploymentPostprocessing = 0;
		};
		OBJ_117 /* Frameworks */ = {
			isa = PBXFrameworksBuildPhase;
			buildActionMask = 0;
			files = (
			);
			runOnlyForDeploymentPostprocessing = 0;
		};
		OBJ_67 /* Frameworks */ = {
			isa = PBXFrameworksBuildPhase;
			buildActionMask = 0;
			files = (
				OBJ_68 /* ECurve.framework in Frameworks */,
				OBJ_69 /* UInt256.framework in Frameworks */,
				OBJ_70 /* CUInt256.framework in Frameworks */,
			);
			runOnlyForDeploymentPostprocessing = 0;
		};
		OBJ_87 /* Frameworks */ = {
			isa = PBXFrameworksBuildPhase;
			buildActionMask = 0;
			files = (
				OBJ_88 /* UInt256.framework in Frameworks */,
				OBJ_89 /* CUInt256.framework in Frameworks */,
			);
			runOnlyForDeploymentPostprocessing = 0;
		};
/* End PBXFrameworksBuildPhase section */

/* Begin PBXGroup section */
		OBJ_15 /* Tests */ = {
			isa = PBXGroup;
			children = (
				OBJ_16 /* ECurveTests */,
			);
			name = Tests;
			sourceTree = SOURCE_ROOT;
		};
		OBJ_16 /* ECurveTests */ = {
			isa = PBXGroup;
			children = (
				OBJ_17 /* ECPointTests.swift */,
				OBJ_18 /* ECurveTests.swift */,
				OBJ_19 /* FiniteFieldIntegerTests.swift */,
			);
			name = ECurveTests;
			path = Tests/ECurveTests;
			sourceTree = SOURCE_ROOT;
		};
		OBJ_20 /* Dependencies */ = {
			isa = PBXGroup;
			children = (
				OBJ_21 /* UInt256 1.0.0 */,
			);
			name = Dependencies;
			sourceTree = "<group>";
		};
		OBJ_21 /* UInt256 1.0.0 */ = {
			isa = PBXGroup;
			children = (
				OBJ_22 /* CUInt256 */,
				OBJ_27 /* UInt256 */,
				OBJ_41 /* Package.swift */,
			);
			name = "UInt256 1.0.0";
			sourceTree = SOURCE_ROOT;
		};
		OBJ_22 /* CUInt256 */ = {
			isa = PBXGroup;
			children = (
				OBJ_23 /* UInt256+IntegerArithmetic.c */,
				OBJ_24 /* include */,
			);
			name = CUInt256;
			path = ".build/checkouts/UInt256.git--5686592992454955421/Sources/CUInt256";
			sourceTree = SOURCE_ROOT;
		};
		OBJ_24 /* include */ = {
			isa = PBXGroup;
			children = (
				OBJ_25 /* UInt256+IntegerArithmetic.h */,
				OBJ_26 /* module.modulemap */,
			);
			path = include;
			sourceTree = "<group>";
		};
		OBJ_27 /* UInt256 */ = {
			isa = PBXGroup;
			children = (
				OBJ_28 /* BaseConverter.swift */,
				OBJ_29 /* UInt256+BitwiseOperations.swift */,
				OBJ_30 /* UInt256+Comparable.swift */,
				OBJ_31 /* UInt256+Equatable.swift */,
				OBJ_32 /* UInt256+ForwardIndex.swift */,
				OBJ_33 /* UInt256+Hashable.swift */,
				OBJ_34 /* UInt256+IntegerArithmetic.swift */,
				OBJ_35 /* UInt256+IntegerLiteralConvertible.swift */,
				OBJ_36 /* UInt256+Printable.swift */,
				OBJ_37 /* UInt256+RandomAccessIndex.swift */,
				OBJ_38 /* UInt256+Sequence.swift */,
				OBJ_39 /* UInt256.swift */,
				OBJ_40 /* UInt32+Additions.swift */,
			);
			name = UInt256;
			path = ".build/checkouts/UInt256.git--5686592992454955421/Sources/UInt256";
			sourceTree = SOURCE_ROOT;
		};
		OBJ_42 /* Products */ = {
			isa = PBXGroup;
			children = (
				"ECurve::ECurveTests::Product" /* ECurveTests.xctest */,
				"ECurve::ECurve::Product" /* ECurve.framework */,
				"UInt256::UInt256::Product" /* UInt256.framework */,
				"UInt256::CUInt256::Product" /* CUInt256.framework */,
			);
			name = Products;
			sourceTree = BUILT_PRODUCTS_DIR;
		};
		OBJ_5 /*  */ = {
			isa = PBXGroup;
			children = (
				OBJ_6 /* Package.swift */,
				OBJ_7 /* Sources */,
				OBJ_15 /* Tests */,
				OBJ_20 /* Dependencies */,
				OBJ_42 /* Products */,
			);
			name = "";
			sourceTree = "<group>";
		};
		OBJ_7 /* Sources */ = {
			isa = PBXGroup;
			children = (
				OBJ_8 /* ECurve */,
			);
			name = Sources;
			sourceTree = SOURCE_ROOT;
		};
		OBJ_8 /* ECurve */ = {
			isa = PBXGroup;
			children = (
				OBJ_9 /* ECDomain.swift */,
				OBJ_10 /* ECPoint.swift */,
				OBJ_11 /* ECurve.swift */,
				OBJ_12 /* FiniteField.swift */,
				OBJ_13 /* FiniteFieldInteger.swift */,
				OBJ_14 /* Secp256k1BasePointDoublings.swift */,
			);
			name = ECurve;
			path = Sources/ECurve;
			sourceTree = SOURCE_ROOT;
		};
/* End PBXGroup section */

/* Begin PBXNativeTarget section */
		"ECurve::ECurve" /* ECurve */ = {
			isa = PBXNativeTarget;
			buildConfigurationList = OBJ_77 /* Build configuration list for PBXNativeTarget "ECurve" */;
			buildPhases = (
				OBJ_80 /* Sources */,
				OBJ_87 /* Frameworks */,
			);
			buildRules = (
			);
			dependencies = (
				OBJ_90 /* PBXTargetDependency */,
				OBJ_91 /* PBXTargetDependency */,
			);
			name = ECurve;
			productName = ECurve;
			productReference = "ECurve::ECurve::Product" /* ECurve.framework */;
			productType = "com.apple.product-type.framework";
		};
		"ECurve::ECurveTests" /* ECurveTests */ = {
			isa = PBXNativeTarget;
			buildConfigurationList = OBJ_60 /* Build configuration list for PBXNativeTarget "ECurveTests" */;
			buildPhases = (
				OBJ_63 /* Sources */,
				OBJ_67 /* Frameworks */,
			);
			buildRules = (
			);
			dependencies = (
				OBJ_71 /* PBXTargetDependency */,
				OBJ_73 /* PBXTargetDependency */,
				OBJ_75 /* PBXTargetDependency */,
			);
			name = ECurveTests;
			productName = ECurveTests;
			productReference = "ECurve::ECurveTests::Product" /* ECurveTests.xctest */;
			productType = "com.apple.product-type.bundle.unit-test";
		};
		"ECurve::SwiftPMPackageDescription" /* ECurvePackageDescription */ = {
			isa = PBXNativeTarget;
			buildConfigurationList = OBJ_48 /* Build configuration list for PBXNativeTarget "ECurvePackageDescription" */;
			buildPhases = (
				OBJ_51 /* Sources */,
			);
			buildRules = (
			);
			dependencies = (
			);
			name = ECurvePackageDescription;
			productName = ECurvePackageDescription;
			productType = "com.apple.product-type.framework";
		};
		"UInt256::CUInt256" /* CUInt256 */ = {
			isa = PBXNativeTarget;
			buildConfigurationList = OBJ_112 /* Build configuration list for PBXNativeTarget "CUInt256" */;
			buildPhases = (
				OBJ_115 /* Sources */,
				OBJ_117 /* Frameworks */,
			);
			buildRules = (
			);
			dependencies = (
			);
			name = CUInt256;
			productName = CUInt256;
			productReference = "UInt256::CUInt256::Product" /* CUInt256.framework */;
			productType = "com.apple.product-type.framework";
		};
		"UInt256::SwiftPMPackageDescription" /* UInt256PackageDescription */ = {
			isa = PBXNativeTarget;
			buildConfigurationList = OBJ_54 /* Build configuration list for PBXNativeTarget "UInt256PackageDescription" */;
			buildPhases = (
				OBJ_57 /* Sources */,
			);
			buildRules = (
			);
			dependencies = (
			);
			name = UInt256PackageDescription;
			productName = UInt256PackageDescription;
			productType = "com.apple.product-type.framework";
		};
		"UInt256::UInt256" /* UInt256 */ = {
			isa = PBXNativeTarget;
			buildConfigurationList = OBJ_92 /* Build configuration list for PBXNativeTarget "UInt256" */;
			buildPhases = (
				OBJ_95 /* Sources */,
				OBJ_109 /* Frameworks */,
			);
			buildRules = (
			);
			dependencies = (
				OBJ_111 /* PBXTargetDependency */,
			);
			name = UInt256;
			productName = UInt256;
			productReference = "UInt256::UInt256::Product" /* UInt256.framework */;
			productType = "com.apple.product-type.framework";
		};
/* End PBXNativeTarget section */

/* Begin PBXProject section */
		OBJ_1 /* Project object */ = {
			isa = PBXProject;
			attributes = {
				LastUpgradeCheck = 9999;
			};
			buildConfigurationList = OBJ_2 /* Build configuration list for PBXProject "ECurve" */;
			compatibilityVersion = "Xcode 3.2";
			developmentRegion = English;
			hasScannedForEncodings = 0;
			knownRegions = (
				en,
			);
			mainGroup = OBJ_5 /*  */;
			productRefGroup = OBJ_42 /* Products */;
			projectDirPath = "";
			projectRoot = "";
			targets = (
				"ECurve::SwiftPMPackageDescription" /* ECurvePackageDescription */,
				"UInt256::SwiftPMPackageDescription" /* UInt256PackageDescription */,
				"ECurve::ECurveTests" /* ECurveTests */,
				"ECurve::ECurve" /* ECurve */,
				"UInt256::UInt256" /* UInt256 */,
				"UInt256::CUInt256" /* CUInt256 */,
				"ECurve::ECurvePackageTests::ProductTarget" /* ECurvePackageTests */,
			);
		};
/* End PBXProject section */

/* Begin PBXSourcesBuildPhase section */
		OBJ_115 /* Sources */ = {
			isa = PBXSourcesBuildPhase;
			buildActionMask = 0;
			files = (
				OBJ_116 /* UInt256+IntegerArithmetic.c in Sources */,
			);
			runOnlyForDeploymentPostprocessing = 0;
		};
		OBJ_51 /* Sources */ = {
			isa = PBXSourcesBuildPhase;
			buildActionMask = 0;
			files = (
				OBJ_52 /* Package.swift in Sources */,
			);
			runOnlyForDeploymentPostprocessing = 0;
		};
		OBJ_57 /* Sources */ = {
			isa = PBXSourcesBuildPhase;
			buildActionMask = 0;
			files = (
				OBJ_58 /* Package.swift in Sources */,
			);
			runOnlyForDeploymentPostprocessing = 0;
		};
		OBJ_63 /* Sources */ = {
			isa = PBXSourcesBuildPhase;
			buildActionMask = 0;
			files = (
				OBJ_64 /* ECPointTests.swift in Sources */,
				OBJ_65 /* ECurveTests.swift in Sources */,
				OBJ_66 /* FiniteFieldIntegerTests.swift in Sources */,
			);
			runOnlyForDeploymentPostprocessing = 0;
		};
		OBJ_80 /* Sources */ = {
			isa = PBXSourcesBuildPhase;
			buildActionMask = 0;
			files = (
				OBJ_81 /* ECDomain.swift in Sources */,
				OBJ_82 /* ECPoint.swift in Sources */,
				OBJ_83 /* ECurve.swift in Sources */,
				OBJ_84 /* FiniteField.swift in Sources */,
				OBJ_85 /* FiniteFieldInteger.swift in Sources */,
				OBJ_86 /* Secp256k1BasePointDoublings.swift in Sources */,
			);
			runOnlyForDeploymentPostprocessing = 0;
		};
		OBJ_95 /* Sources */ = {
			isa = PBXSourcesBuildPhase;
			buildActionMask = 0;
			files = (
				OBJ_96 /* BaseConverter.swift in Sources */,
				OBJ_97 /* UInt256+BitwiseOperations.swift in Sources */,
				OBJ_98 /* UInt256+Comparable.swift in Sources */,
				OBJ_99 /* UInt256+Equatable.swift in Sources */,
				OBJ_100 /* UInt256+ForwardIndex.swift in Sources */,
				OBJ_101 /* UInt256+Hashable.swift in Sources */,
				OBJ_102 /* UInt256+IntegerArithmetic.swift in Sources */,
				OBJ_103 /* UInt256+IntegerLiteralConvertible.swift in Sources */,
				OBJ_104 /* UInt256+Printable.swift in Sources */,
				OBJ_105 /* UInt256+RandomAccessIndex.swift in Sources */,
				OBJ_106 /* UInt256+Sequence.swift in Sources */,
				OBJ_107 /* UInt256.swift in Sources */,
				OBJ_108 /* UInt32+Additions.swift in Sources */,
			);
			runOnlyForDeploymentPostprocessing = 0;
		};
/* End PBXSourcesBuildPhase section */

/* Begin PBXTargetDependency section */
		OBJ_111 /* PBXTargetDependency */ = {
			isa = PBXTargetDependency;
			target = "UInt256::CUInt256" /* CUInt256 */;
			targetProxy = 832BE5751F45BFF6001591C8 /* PBXContainerItemProxy */;
		};
		OBJ_122 /* PBXTargetDependency */ = {
			isa = PBXTargetDependency;
			target = "ECurve::ECurveTests" /* ECurveTests */;
			targetProxy = 832BE57A1F45BFF7001591C8 /* PBXContainerItemProxy */;
		};
		OBJ_71 /* PBXTargetDependency */ = {
			isa = PBXTargetDependency;
			target = "ECurve::ECurve" /* ECurve */;
			targetProxy = 832BE5771F45BFF6001591C8 /* PBXContainerItemProxy */;
		};
		OBJ_73 /* PBXTargetDependency */ = {
			isa = PBXTargetDependency;
			target = "UInt256::UInt256" /* UInt256 */;
			targetProxy = 832BE5781F45BFF6001591C8 /* PBXContainerItemProxy */;
		};
		OBJ_75 /* PBXTargetDependency */ = {
			isa = PBXTargetDependency;
			target = "UInt256::CUInt256" /* CUInt256 */;
			targetProxy = 832BE5791F45BFF6001591C8 /* PBXContainerItemProxy */;
		};
		OBJ_90 /* PBXTargetDependency */ = {
			isa = PBXTargetDependency;
			target = "UInt256::UInt256" /* UInt256 */;
			targetProxy = 832BE5741F45BFF6001591C8 /* PBXContainerItemProxy */;
		};
		OBJ_91 /* PBXTargetDependency */ = {
			isa = PBXTargetDependency;
			target = "UInt256::CUInt256" /* CUInt256 */;
			targetProxy = 832BE5761F45BFF6001591C8 /* PBXContainerItemProxy */;
		};
/* End PBXTargetDependency section */

/* Begin XCBuildConfiguration section */
		OBJ_113 /* Debug */ = {
			isa = XCBuildConfiguration;
			buildSettings = {
				DEFINES_MODULE = NO;
				ENABLE_TESTABILITY = YES;
				FRAMEWORK_SEARCH_PATHS = (
					"$(inherited)",
					"$(PLATFORM_DIR)/Developer/Library/Frameworks",
				);
				HEADER_SEARCH_PATHS = (
					"$(inherited)",
					"$(SRCROOT)/.build/checkouts/UInt256.git--5686592992454955421/Sources/CUInt256/include",
				);
				INFOPLIST_FILE = ECurve.xcodeproj/CUInt256_Info.plist;
				LD_RUNPATH_SEARCH_PATHS = "$(TOOLCHAIN_DIR)/usr/lib/swift/macosx";
				OTHER_LDFLAGS = "$(inherited)";
				OTHER_SWIFT_FLAGS = "$(inherited)";
				PRODUCT_BUNDLE_IDENTIFIER = CUInt256;
				PRODUCT_MODULE_NAME = "$(TARGET_NAME:c99extidentifier)";
				PRODUCT_NAME = "$(TARGET_NAME:c99extidentifier)";
				SKIP_INSTALL = YES;
				TARGET_NAME = CUInt256;
			};
			name = Debug;
		};
		OBJ_114 /* Release */ = {
			isa = XCBuildConfiguration;
			buildSettings = {
				DEFINES_MODULE = NO;
				ENABLE_TESTABILITY = YES;
				FRAMEWORK_SEARCH_PATHS = (
					"$(inherited)",
					"$(PLATFORM_DIR)/Developer/Library/Frameworks",
				);
				HEADER_SEARCH_PATHS = (
					"$(inherited)",
					"$(SRCROOT)/.build/checkouts/UInt256.git--5686592992454955421/Sources/CUInt256/include",
				);
				INFOPLIST_FILE = ECurve.xcodeproj/CUInt256_Info.plist;
				LD_RUNPATH_SEARCH_PATHS = "$(TOOLCHAIN_DIR)/usr/lib/swift/macosx";
				OTHER_LDFLAGS = "$(inherited)";
				OTHER_SWIFT_FLAGS = "$(inherited)";
				PRODUCT_BUNDLE_IDENTIFIER = CUInt256;
				PRODUCT_MODULE_NAME = "$(TARGET_NAME:c99extidentifier)";
				PRODUCT_NAME = "$(TARGET_NAME:c99extidentifier)";
				SKIP_INSTALL = YES;
				TARGET_NAME = CUInt256;
			};
			name = Release;
		};
		OBJ_120 /* Debug */ = {
			isa = XCBuildConfiguration;
			buildSettings = {
			};
			name = Debug;
		};
		OBJ_121 /* Release */ = {
			isa = XCBuildConfiguration;
			buildSettings = {
			};
			name = Release;
		};
		OBJ_3 /* Debug */ = {
			isa = XCBuildConfiguration;
			buildSettings = {
				CLANG_ENABLE_OBJC_ARC = YES;
				COMBINE_HIDPI_IMAGES = YES;
				COPY_PHASE_STRIP = NO;
				DEBUG_INFORMATION_FORMAT = dwarf;
				DYLIB_INSTALL_NAME_BASE = "@rpath";
				ENABLE_NS_ASSERTIONS = YES;
				GCC_OPTIMIZATION_LEVEL = 0;
				MACOSX_DEPLOYMENT_TARGET = 10.10;
				ONLY_ACTIVE_ARCH = YES;
				OTHER_SWIFT_FLAGS = "-DXcode";
				PRODUCT_NAME = "$(TARGET_NAME)";
				SDKROOT = macosx;
				SUPPORTED_PLATFORMS = "macosx iphoneos iphonesimulator appletvos appletvsimulator watchos watchsimulator";
				SWIFT_ACTIVE_COMPILATION_CONDITIONS = SWIFT_PACKAGE;
				SWIFT_OPTIMIZATION_LEVEL = "-Onone";
				USE_HEADERMAP = NO;
			};
			name = Debug;
		};
		OBJ_4 /* Release */ = {
			isa = XCBuildConfiguration;
			buildSettings = {
				CLANG_ENABLE_OBJC_ARC = YES;
				COMBINE_HIDPI_IMAGES = YES;
				COPY_PHASE_STRIP = YES;
				DEBUG_INFORMATION_FORMAT = "dwarf-with-dsym";
				DYLIB_INSTALL_NAME_BASE = "@rpath";
				GCC_OPTIMIZATION_LEVEL = s;
				MACOSX_DEPLOYMENT_TARGET = 10.10;
				OTHER_SWIFT_FLAGS = "-DXcode";
				PRODUCT_NAME = "$(TARGET_NAME)";
				SDKROOT = macosx;
				SUPPORTED_PLATFORMS = "macosx iphoneos iphonesimulator appletvos appletvsimulator watchos watchsimulator";
				SWIFT_ACTIVE_COMPILATION_CONDITIONS = SWIFT_PACKAGE;
				SWIFT_OPTIMIZATION_LEVEL = "-Owholemodule";
				USE_HEADERMAP = NO;
			};
			name = Release;
		};
		OBJ_49 /* Debug */ = {
			isa = XCBuildConfiguration;
			buildSettings = {
				LD = /usr/bin/true;
				OTHER_SWIFT_FLAGS = "-swift-version 4 -I /Applications/Xcode-beta.app/Contents/Developer/Toolchains/XcodeDefault.xctoolchain/usr/lib/swift/pm/4 -target x86_64-apple-macosx10.10 -sdk /Applications/Xcode-beta.app/Contents/Developer/Platforms/MacOSX.platform/Developer/SDKs/MacOSX10.13.sdk";
				SWIFT_VERSION = 4.0;
			};
			name = Debug;
		};
		OBJ_50 /* Release */ = {
			isa = XCBuildConfiguration;
			buildSettings = {
				LD = /usr/bin/true;
				OTHER_SWIFT_FLAGS = "-swift-version 4 -I /Applications/Xcode-beta.app/Contents/Developer/Toolchains/XcodeDefault.xctoolchain/usr/lib/swift/pm/4 -target x86_64-apple-macosx10.10 -sdk /Applications/Xcode-beta.app/Contents/Developer/Platforms/MacOSX.platform/Developer/SDKs/MacOSX10.13.sdk";
				SWIFT_VERSION = 4.0;
			};
			name = Release;
		};
		OBJ_55 /* Debug */ = {
			isa = XCBuildConfiguration;
			buildSettings = {
				LD = /usr/bin/true;
				OTHER_SWIFT_FLAGS = "-swift-version 4 -I /Applications/Xcode-beta.app/Contents/Developer/Toolchains/XcodeDefault.xctoolchain/usr/lib/swift/pm/4 -target x86_64-apple-macosx10.10 -sdk /Applications/Xcode-beta.app/Contents/Developer/Platforms/MacOSX.platform/Developer/SDKs/MacOSX10.13.sdk";
				SWIFT_VERSION = 4.0;
			};
			name = Debug;
		};
		OBJ_56 /* Release */ = {
			isa = XCBuildConfiguration;
			buildSettings = {
				LD = /usr/bin/true;
				OTHER_SWIFT_FLAGS = "-swift-version 4 -I /Applications/Xcode-beta.app/Contents/Developer/Toolchains/XcodeDefault.xctoolchain/usr/lib/swift/pm/4 -target x86_64-apple-macosx10.10 -sdk /Applications/Xcode-beta.app/Contents/Developer/Platforms/MacOSX.platform/Developer/SDKs/MacOSX10.13.sdk";
				SWIFT_VERSION = 4.0;
			};
			name = Release;
		};
		OBJ_61 /* Debug */ = {
			isa = XCBuildConfiguration;
			buildSettings = {
				EMBEDDED_CONTENT_CONTAINS_SWIFT = YES;
				FRAMEWORK_SEARCH_PATHS = (
					"$(inherited)",
					"$(PLATFORM_DIR)/Developer/Library/Frameworks",
				);
				HEADER_SEARCH_PATHS = (
					"$(inherited)",
					"$(SRCROOT)/.build/checkouts/UInt256.git--5686592992454955421/Sources/CUInt256/include",
					"$(SRCROOT)/ECurve.xcodeproj/GeneratedModuleMap/CUInt256",
				);
				INFOPLIST_FILE = ECurve.xcodeproj/ECurveTests_Info.plist;
				LD_RUNPATH_SEARCH_PATHS = "@loader_path/../Frameworks @loader_path/Frameworks";
				OTHER_LDFLAGS = "$(inherited)";
				OTHER_SWIFT_FLAGS = "$(inherited) -Xcc -fmodule-map-file=$(SRCROOT)/ECurve.xcodeproj/GeneratedModuleMap/CUInt256/module.modulemap";
				SWIFT_VERSION = 4.0;
				TARGET_NAME = ECurveTests;
			};
			name = Debug;
		};
		OBJ_62 /* Release */ = {
			isa = XCBuildConfiguration;
			buildSettings = {
				EMBEDDED_CONTENT_CONTAINS_SWIFT = YES;
				FRAMEWORK_SEARCH_PATHS = (
					"$(inherited)",
					"$(PLATFORM_DIR)/Developer/Library/Frameworks",
				);
				HEADER_SEARCH_PATHS = (
					"$(inherited)",
					"$(SRCROOT)/.build/checkouts/UInt256.git--5686592992454955421/Sources/CUInt256/include",
					"$(SRCROOT)/ECurve.xcodeproj/GeneratedModuleMap/CUInt256",
				);
				INFOPLIST_FILE = ECurve.xcodeproj/ECurveTests_Info.plist;
				LD_RUNPATH_SEARCH_PATHS = "@loader_path/../Frameworks @loader_path/Frameworks";
				OTHER_LDFLAGS = "$(inherited)";
				OTHER_SWIFT_FLAGS = "$(inherited) -Xcc -fmodule-map-file=$(SRCROOT)/ECurve.xcodeproj/GeneratedModuleMap/CUInt256/module.modulemap";
				SWIFT_VERSION = 4.0;
				TARGET_NAME = ECurveTests;
			};
			name = Release;
		};
		OBJ_78 /* Debug */ = {
			isa = XCBuildConfiguration;
			buildSettings = {
				ENABLE_TESTABILITY = YES;
				FRAMEWORK_SEARCH_PATHS = (
					"$(inherited)",
					"$(PLATFORM_DIR)/Developer/Library/Frameworks",
				);
				HEADER_SEARCH_PATHS = (
					"$(inherited)",
					"$(SRCROOT)/.build/checkouts/UInt256.git--5686592992454955421/Sources/CUInt256/include",
					"$(SRCROOT)/ECurve.xcodeproj/GeneratedModuleMap/CUInt256",
				);
				INFOPLIST_FILE = ECurve.xcodeproj/ECurve_Info.plist;
				LD_RUNPATH_SEARCH_PATHS = "$(TOOLCHAIN_DIR)/usr/lib/swift/macosx";
				OTHER_LDFLAGS = "$(inherited)";
				OTHER_SWIFT_FLAGS = "$(inherited) -Xcc -fmodule-map-file=$(SRCROOT)/ECurve.xcodeproj/GeneratedModuleMap/CUInt256/module.modulemap";
				PRODUCT_BUNDLE_IDENTIFIER = ECurve;
				PRODUCT_MODULE_NAME = "$(TARGET_NAME:c99extidentifier)";
				PRODUCT_NAME = "$(TARGET_NAME:c99extidentifier)";
				SKIP_INSTALL = YES;
				SWIFT_VERSION = 4.0;
				TARGET_NAME = ECurve;
			};
			name = Debug;
		};
		OBJ_79 /* Release */ = {
			isa = XCBuildConfiguration;
			buildSettings = {
				ENABLE_TESTABILITY = YES;
				FRAMEWORK_SEARCH_PATHS = (
					"$(inherited)",
					"$(PLATFORM_DIR)/Developer/Library/Frameworks",
				);
				HEADER_SEARCH_PATHS = (
					"$(inherited)",
					"$(SRCROOT)/.build/checkouts/UInt256.git--5686592992454955421/Sources/CUInt256/include",
					"$(SRCROOT)/ECurve.xcodeproj/GeneratedModuleMap/CUInt256",
				);
				INFOPLIST_FILE = ECurve.xcodeproj/ECurve_Info.plist;
				LD_RUNPATH_SEARCH_PATHS = "$(TOOLCHAIN_DIR)/usr/lib/swift/macosx";
				OTHER_LDFLAGS = "$(inherited)";
				OTHER_SWIFT_FLAGS = "$(inherited) -Xcc -fmodule-map-file=$(SRCROOT)/ECurve.xcodeproj/GeneratedModuleMap/CUInt256/module.modulemap";
				PRODUCT_BUNDLE_IDENTIFIER = ECurve;
				PRODUCT_MODULE_NAME = "$(TARGET_NAME:c99extidentifier)";
				PRODUCT_NAME = "$(TARGET_NAME:c99extidentifier)";
				SKIP_INSTALL = YES;
				SWIFT_VERSION = 4.0;
				TARGET_NAME = ECurve;
			};
			name = Release;
		};
		OBJ_93 /* Debug */ = {
			isa = XCBuildConfiguration;
			buildSettings = {
				ENABLE_TESTABILITY = YES;
				FRAMEWORK_SEARCH_PATHS = (
					"$(inherited)",
					"$(PLATFORM_DIR)/Developer/Library/Frameworks",
				);
				HEADER_SEARCH_PATHS = (
					"$(inherited)",
					"$(SRCROOT)/.build/checkouts/UInt256.git--5686592992454955421/Sources/CUInt256/include",
					"$(SRCROOT)/ECurve.xcodeproj/GeneratedModuleMap/CUInt256",
				);
				INFOPLIST_FILE = ECurve.xcodeproj/UInt256_Info.plist;
				LD_RUNPATH_SEARCH_PATHS = "$(TOOLCHAIN_DIR)/usr/lib/swift/macosx";
				OTHER_LDFLAGS = "$(inherited)";
				OTHER_SWIFT_FLAGS = "$(inherited) -Xcc -fmodule-map-file=$(SRCROOT)/ECurve.xcodeproj/GeneratedModuleMap/CUInt256/module.modulemap";
				PRODUCT_BUNDLE_IDENTIFIER = UInt256;
				PRODUCT_MODULE_NAME = "$(TARGET_NAME:c99extidentifier)";
				PRODUCT_NAME = "$(TARGET_NAME:c99extidentifier)";
				SKIP_INSTALL = YES;
				SWIFT_VERSION = 4.0;
				TARGET_NAME = UInt256;
			};
			name = Debug;
		};
		OBJ_94 /* Release */ = {
			isa = XCBuildConfiguration;
			buildSettings = {
				ENABLE_TESTABILITY = YES;
				FRAMEWORK_SEARCH_PATHS = (
					"$(inherited)",
					"$(PLATFORM_DIR)/Developer/Library/Frameworks",
				);
				HEADER_SEARCH_PATHS = (
					"$(inherited)",
					"$(SRCROOT)/.build/checkouts/UInt256.git--5686592992454955421/Sources/CUInt256/include",
					"$(SRCROOT)/ECurve.xcodeproj/GeneratedModuleMap/CUInt256",
				);
				INFOPLIST_FILE = ECurve.xcodeproj/UInt256_Info.plist;
				LD_RUNPATH_SEARCH_PATHS = "$(TOOLCHAIN_DIR)/usr/lib/swift/macosx";
				OTHER_LDFLAGS = "$(inherited)";
				OTHER_SWIFT_FLAGS = "$(inherited) -Xcc -fmodule-map-file=$(SRCROOT)/ECurve.xcodeproj/GeneratedModuleMap/CUInt256/module.modulemap";
				PRODUCT_BUNDLE_IDENTIFIER = UInt256;
				PRODUCT_MODULE_NAME = "$(TARGET_NAME:c99extidentifier)";
				PRODUCT_NAME = "$(TARGET_NAME:c99extidentifier)";
				SKIP_INSTALL = YES;
				SWIFT_VERSION = 4.0;
				TARGET_NAME = UInt256;
			};
			name = Release;
		};
/* End XCBuildConfiguration section */

/* Begin XCConfigurationList section */
		OBJ_112 /* Build configuration list for PBXNativeTarget "CUInt256" */ = {
			isa = XCConfigurationList;
			buildConfigurations = (
				OBJ_113 /* Debug */,
				OBJ_114 /* Release */,
			);
			defaultConfigurationIsVisible = 0;
			defaultConfigurationName = Debug;
		};
		OBJ_119 /* Build configuration list for PBXAggregateTarget "ECurvePackageTests" */ = {
			isa = XCConfigurationList;
			buildConfigurations = (
				OBJ_120 /* Debug */,
				OBJ_121 /* Release */,
			);
			defaultConfigurationIsVisible = 0;
			defaultConfigurationName = Debug;
		};
		OBJ_2 /* Build configuration list for PBXProject "ECurve" */ = {
			isa = XCConfigurationList;
			buildConfigurations = (
				OBJ_3 /* Debug */,
				OBJ_4 /* Release */,
			);
			defaultConfigurationIsVisible = 0;
			defaultConfigurationName = Debug;
		};
		OBJ_48 /* Build configuration list for PBXNativeTarget "ECurvePackageDescription" */ = {
			isa = XCConfigurationList;
			buildConfigurations = (
				OBJ_49 /* Debug */,
				OBJ_50 /* Release */,
			);
			defaultConfigurationIsVisible = 0;
			defaultConfigurationName = Debug;
		};
		OBJ_54 /* Build configuration list for PBXNativeTarget "UInt256PackageDescription" */ = {
			isa = XCConfigurationList;
			buildConfigurations = (
				OBJ_55 /* Debug */,
				OBJ_56 /* Release */,
			);
			defaultConfigurationIsVisible = 0;
			defaultConfigurationName = Debug;
		};
		OBJ_60 /* Build configuration list for PBXNativeTarget "ECurveTests" */ = {
			isa = XCConfigurationList;
			buildConfigurations = (
				OBJ_61 /* Debug */,
				OBJ_62 /* Release */,
			);
			defaultConfigurationIsVisible = 0;
			defaultConfigurationName = Debug;
		};
		OBJ_77 /* Build configuration list for PBXNativeTarget "ECurve" */ = {
			isa = XCConfigurationList;
			buildConfigurations = (
				OBJ_78 /* Debug */,
				OBJ_79 /* Release */,
			);
			defaultConfigurationIsVisible = 0;
			defaultConfigurationName = Debug;
		};
		OBJ_92 /* Build configuration list for PBXNativeTarget "UInt256" */ = {
			isa = XCConfigurationList;
			buildConfigurations = (
				OBJ_93 /* Debug */,
				OBJ_94 /* Release */,
			);
			defaultConfigurationIsVisible = 0;
			defaultConfigurationName = Debug;
		};
/* End XCConfigurationList section */
	};
	rootObject = OBJ_1 /* Project object */;
}
